# THIS IS AN AUTOGENERATED FILE. DO NOT EDIT THIS FILE DIRECTLY.
# yarn lockfile v1


"@babel/runtime@^7.2.0":
  "integrity" "sha512-7jGW8ppV0ant637pIqAcFfQDDH1orEPGJb8aXfUozuCU3QqX7rX4DA8iwrbPrR1hcH0FTTHz47yQnk+bl5xHQA=="
  "resolved" "https://registry.npmjs.org/@babel/runtime/-/runtime-7.3.1.tgz"
  "version" "7.3.1"
  dependencies:
    "regenerator-runtime" "^0.12.0"

"arch@^2.1.0":
  "integrity" "sha512-BLM56aPo9vLLFVa8+/+pJLnrZ7QGGTVHWsCwieAWT9o9K8UeGaQbzZbGoabWLOo2ksBCztoXdqBZBplqLDDCSg=="
  "resolved" "https://registry.npmjs.org/arch/-/arch-2.1.1.tgz"
  "version" "2.1.1"

"builtin-modules@^1.0.0":
  "integrity" "sha1-Jw8HbFpywC9bZaR9+Uxf46J4iS8="
  "resolved" "https://registry.npmjs.org/builtin-modules/-/builtin-modules-1.1.1.tgz"
  "version" "1.1.1"

"clipboardy@^1.2.3":
  "integrity" "sha512-2WNImOvCRe6r63Gk9pShfkwXsVtKCroMAevIbiae021mS850UkWPbevxsBz3tnvjZIEGvlwaqCPsw+4ulzNgJA=="
  "resolved" "https://registry.npmjs.org/clipboardy/-/clipboardy-1.2.3.tgz"
  "version" "1.2.3"
  dependencies:
    "arch" "^2.1.0"
    "execa" "^0.8.0"

"cross-spawn@^5.0.1":
  "integrity" "sha1-6L0O/uWPz/b4+UUQoKVUu/ojVEk="
  "resolved" "https://registry.npmjs.org/cross-spawn/-/cross-spawn-5.1.0.tgz"
  "version" "5.1.0"
  dependencies:
    "lru-cache" "^4.0.1"
    "shebang-command" "^1.2.0"
    "which" "^1.2.9"

"error-ex@^1.3.1":
  "integrity" "sha512-7dFHNmqeFSEt2ZBsCriorKnn3Z2pj+fd9kmI6QoWw4//DL+icEBfc0U7qJCisqrTsKTjw4fNFy2pW9OqStD84g=="
  "resolved" "https://registry.npmjs.org/error-ex/-/error-ex-1.3.2.tgz"
  "version" "1.3.2"
  dependencies:
    "is-arrayish" "^0.2.1"

"execa@^0.8.0":
  "integrity" "sha1-2NdrvBtVIX7RkP1t1J08d07PyNo="
  "resolved" "https://registry.npmjs.org/execa/-/execa-0.8.0.tgz"
  "version" "0.8.0"
  dependencies:
    "cross-spawn" "^5.0.1"
    "get-stream" "^3.0.0"
    "is-stream" "^1.1.0"
    "npm-run-path" "^2.0.0"
    "p-finally" "^1.0.0"
    "signal-exit" "^3.0.0"
    "strip-eof" "^1.0.0"

"find-up@^3.0.0":
  "integrity" "sha512-1yD6RmLI1XBfxugvORwlck6f75tYL+iR0jqwsOrOxMZyGYqUuDhJ0l4AXdO1iX/FTs9cBAMEk1gWSEx1kSbylg=="
  "resolved" "https://registry.npmjs.org/find-up/-/find-up-3.0.0.tgz"
  "version" "3.0.0"
  dependencies:
    "locate-path" "^3.0.0"

"get-stream@^3.0.0":
  "integrity" "sha1-jpQ9E1jcN1VQVOy+LtsFqhdO3hQ="
  "resolved" "https://registry.npmjs.org/get-stream/-/get-stream-3.0.0.tgz"
  "version" "3.0.0"

"graceful-fs@^4.1.2":
  "integrity" "sha512-6uHUhOPEBgQ24HM+r6b/QwWfZq+yiFcipKFrOFiBEnWdy5sdzYoi+pJeQaPI5qOLRFqWmAXUPQNsielzdLoecA=="
  "resolved" "https://registry.npmjs.org/graceful-fs/-/graceful-fs-4.1.15.tgz"
  "version" "4.1.15"

"hosted-git-info@^2.1.4":
  "integrity" "sha512-mxIDAb9Lsm6DoOJ7xH+5+X4y1LU/4Hi50L9C5sIswK3JzULS4bwk1FvjdBgvYR4bzT4tuUQiC15FE2f5HbLvYw=="
  "resolved" "https://registry.npmjs.org/hosted-git-info/-/hosted-git-info-2.8.9.tgz"
  "version" "2.8.9"

"is-arrayish@^0.2.1":
  "integrity" "sha1-d8mYQFJ6qOyxqLppe4BkWnqSap0="
  "resolved" "https://registry.npmjs.org/is-arrayish/-/is-arrayish-0.2.1.tgz"
  "version" "0.2.1"

"is-builtin-module@^1.0.0":
  "integrity" "sha1-VAVy0096wxGfj3bDDLwbHgN6/74="
  "resolved" "https://registry.npmjs.org/is-builtin-module/-/is-builtin-module-1.0.0.tgz"
  "version" "1.0.0"
  dependencies:
    "builtin-modules" "^1.0.0"

"is-stream@^1.1.0":
  "integrity" "sha1-EtSj3U5o4Lec6428hBc66A2RykQ="
  "resolved" "https://registry.npmjs.org/is-stream/-/is-stream-1.1.0.tgz"
  "version" "1.1.0"

"isexe@^2.0.0":
  "integrity" "sha1-6PvzdNxVb/iUehDcsFctYz8s+hA="
  "resolved" "https://registry.npmjs.org/isexe/-/isexe-2.0.0.tgz"
  "version" "2.0.0"

"json-parse-better-errors@^1.0.1":
  "integrity" "sha512-mrqyZKfX5EhL7hvqcV6WG1yYjnjeuYDzDhhcAAUrq8Po85NBQBJP+ZDUT75qZQ98IkUoBqdkExkukOU7Ts2wrw=="
  "resolved" "https://registry.npmjs.org/json-parse-better-errors/-/json-parse-better-errors-1.0.2.tgz"
  "version" "1.0.2"

"load-json-file@^4.0.0":
  "integrity" "sha1-L19Fq5HjMhYjT9U62rZo607AmTs="
  "resolved" "https://registry.npmjs.org/load-json-file/-/load-json-file-4.0.0.tgz"
  "version" "4.0.0"
  dependencies:
    "graceful-fs" "^4.1.2"
    "parse-json" "^4.0.0"
    "pify" "^3.0.0"
    "strip-bom" "^3.0.0"

"locate-path@^3.0.0":
  "integrity" "sha512-7AO748wWnIhNqAuaty2ZWHkQHRSNfPVIsPIfwEOWO22AmaoVrWavlOcMR5nzTLNYvp36X220/maaRsrec1G65A=="
  "resolved" "https://registry.npmjs.org/locate-path/-/locate-path-3.0.0.tgz"
  "version" "3.0.0"
  dependencies:
    "p-locate" "^3.0.0"
    "path-exists" "^3.0.0"

"lru-cache@^4.0.1":
  "integrity" "sha512-sWZlbEP2OsHNkXrMl5GYk/jKk70MBng6UU4YI/qGDYbgf6YbP4EvmqISbXCoJiRKs+1bSpFHVgQxvJ17F2li5g=="
  "resolved" "https://registry.npmjs.org/lru-cache/-/lru-cache-4.1.5.tgz"
  "version" "4.1.5"
  dependencies:
    "pseudomap" "^1.0.2"
    "yallist" "^2.1.2"

"netlify-shortener@^1.0.3":
  "integrity" "sha512-yGMDLPij86C/bEeO28A3nwVlFKqMUSft4S5b5wiJJ6nmA6Yvedb5FyxF0pc5JA8NsOUpWYDMR4vdN/RBq48T/Q=="
  "resolved" "https://registry.npmjs.org/netlify-shortener/-/netlify-shortener-1.0.3.tgz"
  "version" "1.0.3"
  dependencies:
    "@babel/runtime" "^7.2.0"
    "clipboardy" "^1.2.3"
    "read-pkg-up" "^4.0.0"

"normalize-package-data@^2.3.2":
  "integrity" "sha512-9jjUFbTPfEy3R/ad/2oNbKtW9Hgovl5O1FvFWKkKblNXoN/Oou6+9+KKohPK13Yc3/TyunyWhJp6gvRNR/PPAw=="
  "resolved" "https://registry.npmjs.org/normalize-package-data/-/normalize-package-data-2.4.0.tgz"
  "version" "2.4.0"
  dependencies:
    "hosted-git-info" "^2.1.4"
    "is-builtin-module" "^1.0.0"
    "semver" "2 || 3 || 4 || 5"
    "validate-npm-package-license" "^3.0.1"

"npm-run-path@^2.0.0":
  "integrity" "sha1-NakjLfo11wZ7TLLd8jV7GHFTbF8="
  "resolved" "https://registry.npmjs.org/npm-run-path/-/npm-run-path-2.0.2.tgz"
  "version" "2.0.2"
  dependencies:
    "path-key" "^2.0.0"

"p-finally@^1.0.0":
  "integrity" "sha1-P7z7FbiZpEEjs0ttzBi3JDNqLK4="
  "resolved" "https://registry.npmjs.org/p-finally/-/p-finally-1.0.0.tgz"
  "version" "1.0.0"

"p-limit@^2.0.0":
  "integrity" "sha512-NhURkNcrVB+8hNfLuysU8enY5xn2KXphsHBaC2YmRNTZRc7RWusw6apSpdEj3jo4CMb6W9nrF6tTnsJsJeyu6g=="
  "resolved" "https://registry.npmjs.org/p-limit/-/p-limit-2.1.0.tgz"
  "version" "2.1.0"
  dependencies:
    "p-try" "^2.0.0"

"p-locate@^3.0.0":
  "integrity" "sha512-x+12w/To+4GFfgJhBEpiDcLozRJGegY+Ei7/z0tSLkMmxGZNybVMSfWj9aJn8Z5Fc7dBUNJOOVgPv2H7IwulSQ=="
  "resolved" "https://registry.npmjs.org/p-locate/-/p-locate-3.0.0.tgz"
  "version" "3.0.0"
  dependencies:
    "p-limit" "^2.0.0"

"p-try@^2.0.0":
  "integrity" "sha512-hMp0onDKIajHfIkdRk3P4CdCmErkYAxxDtP3Wx/4nZ3aGlau2VKh3mZpcuFkH27WQkL/3WBCPOktzA9ZOAnMQQ=="
  "resolved" "https://registry.npmjs.org/p-try/-/p-try-2.0.0.tgz"
  "version" "2.0.0"

"parse-json@^4.0.0":
  "integrity" "sha1-vjX1Qlvh9/bHRxhPmKeIy5lHfuA="
  "resolved" "https://registry.npmjs.org/parse-json/-/parse-json-4.0.0.tgz"
  "version" "4.0.0"
  dependencies:
    "error-ex" "^1.3.1"
    "json-parse-better-errors" "^1.0.1"

"path-exists@^3.0.0":
  "integrity" "sha1-zg6+ql94yxiSXqfYENe1mwEP1RU="
  "resolved" "https://registry.npmjs.org/path-exists/-/path-exists-3.0.0.tgz"
  "version" "3.0.0"

"path-key@^2.0.0":
  "integrity" "sha1-QRyttXTFoUDTpLGRDUDYDMn0C0A="
  "resolved" "https://registry.npmjs.org/path-key/-/path-key-2.0.1.tgz"
  "version" "2.0.1"

"path-type@^3.0.0":
  "integrity" "sha512-T2ZUsdZFHgA3u4e5PfPbjd7HDDpxPnQb5jN0SrDsjNSuVXHJqtwTnWqG0B1jZrgmJ/7lj1EmVIByWt1gxGkWvg=="
  "resolved" "https://registry.npmjs.org/path-type/-/path-type-3.0.0.tgz"
  "version" "3.0.0"
  dependencies:
    "pify" "^3.0.0"

"pify@^3.0.0":
  "integrity" "sha1-5aSs0sEB/fPZpNB/DbxNtJ3SgXY="
  "resolved" "https://registry.npmjs.org/pify/-/pify-3.0.0.tgz"
  "version" "3.0.0"

"pseudomap@^1.0.2":
  "integrity" "sha1-8FKijacOYYkX7wqKw0wa5aaChrM="
  "resolved" "https://registry.npmjs.org/pseudomap/-/pseudomap-1.0.2.tgz"
  "version" "1.0.2"

"read-pkg-up@^4.0.0":
  "integrity" "sha512-6etQSH7nJGsK0RbG/2TeDzZFa8shjQ1um+SwQQ5cwKy0dhSXdOncEhb1CPpvQG4h7FyOV6EB6YlV0yJvZQNAkA=="
  "resolved" "https://registry.npmjs.org/read-pkg-up/-/read-pkg-up-4.0.0.tgz"
  "version" "4.0.0"
  dependencies:
    "find-up" "^3.0.0"
    "read-pkg" "^3.0.0"

"read-pkg@^3.0.0":
  "integrity" "sha1-nLxoaXj+5l0WwA4rGcI3/Pbjg4k="
  "resolved" "https://registry.npmjs.org/read-pkg/-/read-pkg-3.0.0.tgz"
  "version" "3.0.0"
  dependencies:
    "load-json-file" "^4.0.0"
    "normalize-package-data" "^2.3.2"
    "path-type" "^3.0.0"

"regenerator-runtime@^0.12.0":
  "integrity" "sha512-odxIc1/vDlo4iZcfXqRYFj0vpXFNoGdKMAUieAlFYO6m/nl5e9KR/beGf41z4a1FI+aQgtjhuaSlDxQ0hmkrHg=="
  "resolved" "https://registry.npmjs.org/regenerator-runtime/-/regenerator-runtime-0.12.1.tgz"
  "version" "0.12.1"

"semver@2 || 3 || 4 || 5":
  "integrity" "sha512-RS9R6R35NYgQn++fkDWaOmqGoj4Ek9gGs+DPxNUZKuwE183xjJroKvyo1IzVFeXvUrvmALy6FWD5xrdJT25gMg=="
  "resolved" "https://registry.npmjs.org/semver/-/semver-5.6.0.tgz"
  "version" "5.6.0"

"shebang-command@^1.2.0":
  "integrity" "sha1-RKrGW2lbAzmJaMOfNj/uXer98eo="
  "resolved" "https://registry.npmjs.org/shebang-command/-/shebang-command-1.2.0.tgz"
  "version" "1.2.0"
  dependencies:
    "shebang-regex" "^1.0.0"

"shebang-regex@^1.0.0":
  "integrity" "sha1-2kL0l0DAtC2yypcoVxyxkMmO/qM="
  "resolved" "https://registry.npmjs.org/shebang-regex/-/shebang-regex-1.0.0.tgz"
  "version" "1.0.0"

"signal-exit@^3.0.0":
  "integrity" "sha1-tf3AjxKH6hF4Yo5BXiUTK3NkbG0="
  "resolved" "https://registry.npmjs.org/signal-exit/-/signal-exit-3.0.2.tgz"
  "version" "3.0.2"

"spdx-correct@^3.0.0":
  "integrity" "sha512-lr2EZCctC2BNR7j7WzJ2FpDznxky1sjfxvvYEyzxNyb6lZXHODmEoJeFu4JupYlkfha1KZpJyoqiJ7pgA1qq8Q=="
  "resolved" "https://registry.npmjs.org/spdx-correct/-/spdx-correct-3.1.0.tgz"
  "version" "3.1.0"
  dependencies:
    "spdx-expression-parse" "^3.0.0"
    "spdx-license-ids" "^3.0.0"

"spdx-exceptions@^2.1.0":
  "integrity" "sha512-2XQACfElKi9SlVb1CYadKDXvoajPgBVPn/gOQLrTvHdElaVhr7ZEbqJaRnJLVNeaI4cMEAgVCeBMKF6MWRDCRA=="
  "resolved" "https://registry.npmjs.org/spdx-exceptions/-/spdx-exceptions-2.2.0.tgz"
  "version" "2.2.0"

"spdx-expression-parse@^3.0.0":
  "integrity" "sha512-Yg6D3XpRD4kkOmTpdgbUiEJFKghJH03fiC1OPll5h/0sO6neh2jqRDVHOQ4o/LMea0tgCkbMgea5ip/e+MkWyg=="
  "resolved" "https://registry.npmjs.org/spdx-expression-parse/-/spdx-expression-parse-3.0.0.tgz"
  "version" "3.0.0"
  dependencies:
    "spdx-exceptions" "^2.1.0"
    "spdx-license-ids" "^3.0.0"

"spdx-license-ids@^3.0.0":
  "integrity" "sha512-uBIcIl3Ih6Phe3XHK1NqboJLdGfwr1UN3k6wSD1dZpmPsIkb8AGNbZYJ1fOBk834+Gxy8rpfDxrS6XLEMZMY2g=="
  "resolved" "https://registry.npmjs.org/spdx-license-ids/-/spdx-license-ids-3.0.3.tgz"
  "version" "3.0.3"

"strip-bom@^3.0.0":
  "integrity" "sha1-IzTBjpx1n3vdVv3vfprj1YjmjtM="
  "resolved" "https://registry.npmjs.org/strip-bom/-/strip-bom-3.0.0.tgz"
  "version" "3.0.0"

"strip-eof@^1.0.0":
  "integrity" "sha1-u0P/VZim6wXYm1n80SnJgzE2Br8="
  "resolved" "https://registry.npmjs.org/strip-eof/-/strip-eof-1.0.0.tgz"
  "version" "1.0.0"

"validate-npm-package-license@^3.0.1":
  "integrity" "sha512-DpKm2Ui/xN7/HQKCtpZxoRWBhZ9Z0kqtygG8XCgNQ8ZlDnxuQmWhj566j8fN4Cu3/JmbhsDo7fcAJq4s9h27Ew=="
  "resolved" "https://registry.npmjs.org/validate-npm-package-license/-/validate-npm-package-license-3.0.4.tgz"
  "version" "3.0.4"
  dependencies:
    "spdx-correct" "^3.0.0"
    "spdx-expression-parse" "^3.0.0"

"which@^1.2.9":
  "integrity" "sha512-HxJdYWq1MTIQbJ3nw0cqssHoTNU267KlrDuGZ1WYlxDStUtKUhOaJmh112/TZmHxxUfuJqPXSOm7tDyas0OSIQ=="
  "resolved" "https://registry.npmjs.org/which/-/which-1.3.1.tgz"
  "version" "1.3.1"
  dependencies:
    "isexe" "^2.0.0"

"yallist@^2.1.2":
  "integrity" "sha1-HBH5IY8HYImkfdUS+TxmmaaoHVI="
  "resolved" "https://registry.npmjs.org/yallist/-/yallist-2.1.2.tgz"
  "version" "2.1.2"
